{
    "name": "animated-emoji-4v",
    "version": "1.0.1",
    "lockfileVersion": 3,
    "requires": true,
    "packages": {
        "": {
            "name": "animated-emoji-4v",
            "version": "1.0.1",
            "license": "MIT",
            "dependencies": {
                "emoji-regex": "^10.6.0"
            },
            "devDependencies": {
                "@types/react": "^18.0.0",
                "typescript": "^4.9.0"
            },
            "peerDependencies": {
                "react": ">=16.8.0"
            }
        },
        "node_modules/@types/prop-types": {
            "version": "15.7.15",
            "resolved": "https://registry.npmjs.org/@types/prop-types/-/prop-types-15.7.15.tgz",
            "integrity": "sha512-F6bEyamV9jKGAFBEmlQnesRPGOQqS2+Uwi0Em15xenOxHaf2hv6L8YCVn3rPdPJOiJfPiCnLIRyvwVaqMY3MIw==",
            "dev": true,
            "license": "MIT"
        },
        "node_modules/@types/react": {
            "version": "18.3.27",
            "resolved": "https://registry.npmjs.org/@types/react/-/react-18.3.27.tgz",
            "integrity": "sha512-cisd7gxkzjBKU2GgdYrTdtQx1SORymWyaAFhaxQPK9bYO9ot3Y5OikQRvY0VYQtvwjeQnizCINJAenh/V7MK2w==",
            "dev": true,
            "license": "MIT",
            "dependencies": {
                "@types/prop-types": "*",
                "csstype": "^3.2.2"
            }
        },
        "node_modules/csstype": {
            "version": "3.2.3",
            "resolved": "https://registry.npmjs.org/csstype/-/csstype-3.2.3.tgz",
            "integrity": "sha512-z1HGKcYy2xA8AGQfwrn0PAy+PB7X/GSj3UVJW9qKyn43xWa+gl5nXmU4qqLMRzWVLFC8KusUX8T/0kCiOYpAIQ==",
            "dev": true,
            "license": "MIT"
        },
        "node_modules/emoji-regex": {
            "version": "10.6.0",
            "resolved": "https://registry.npmjs.org/emoji-regex/-/emoji-regex-10.6.0.tgz",
            "integrity": "sha512-toUI84YS5YmxW219erniWD0CIVOo46xGKColeNQRgOzDorgBi1v4D71/OFzgD9GO2UGKIv1C3Sp8DAn0+j5w7A==",
            "license": "MIT"
        },
        "node_modules/react": {
            "version": "19.2.4",
            "resolved": "https://registry.npmjs.org/react/-/react-19.2.4.tgz",
            "integrity": "sha512-9nfp2hYpCwOjAN+8TZFGhtWEwgvWHXqESH8qT89AT/lWklpLON22Lc8pEtnpsZz7VmawabSU0gCjnj8aC0euHQ==",
            "license": "MIT",
            "peer": true,
            "engines": {
                "node": ">=0.10.0"
            }
        },
        "node_modules/typescript": {
            "version": "4.9.5",
            "resolved": "https://registry.npmjs.org/typescript/-/typescript-4.9.5.tgz",
            "integrity": "sha512-1FXk9E2Hm+QzZQ7z+McJiHL4NW1F2EzMu9Nq9i3zAaGqibafqYwCVU6WyWAuyQRRzOlxou8xZSyXLEN8oKj24g==",
            "dev": true,
            "license": "Apache-2.0",
            "bin": {
                "tsc": "bin/tsc",
                "tsserver": "bin/tsserver"
            },
            "engines": {
                "node": ">=4.2.0"
            }
        }
    }
}
